// !$*UTF8*$!
{
	archiveVersion = 1;
	classes = {
	};
	objectVersion = 56;
	objects = {

/* Begin PBXBuildFile section */
		27B09B5A2AE826EA001A9CC1 /* ComentarioModel.xcdatamodeld in Sources */ = {isa = PBXBuildFile; fileRef = 27B09B582AE826EA001A9CC1 /* ComentarioModel.xcdatamodeld */; };
		27B09B5D2AE829BE001A9CC1 /* ControladorComentario.swift in Sources */ = {isa = PBXBuildFile; fileRef = 27B09B5C2AE829BE001A9CC1 /* ControladorComentario.swift */; };
		27B09B5F2AE82AEA001A9CC1 /* Comentario.swift in Sources */ = {isa = PBXBuildFile; fileRef = 27B09B5E2AE82AEA001A9CC1 /* Comentario.swift */; };
		27B09B612AE82F51001A9CC1 /* ItemTableViewCell.swift in Sources */ = {isa = PBXBuildFile; fileRef = 27B09B602AE82F51001A9CC1 /* ItemTableViewCell.swift */; };
		27B09B632AE83068001A9CC1 /* ComentarioViewController.swift in Sources */ = {isa = PBXBuildFile; fileRef = 27B09B622AE83068001A9CC1 /* ComentarioViewController.swift */; };
		27B09B652AE8354A001A9CC1 /* DatosViewController.swift in Sources */ = {isa = PBXBuildFile; fileRef = 27B09B642AE8354A001A9CC1 /* DatosViewController.swift */; };
		27B09B672AE83883001A9CC1 /* NuevoComentViewController.swift in Sources */ = {isa = PBXBuildFile; fileRef = 27B09B662AE83883001A9CC1 /* NuevoComentViewController.swift */; };
		27F83F082AE6FEAD0089F05F /* PublicViewController.swift in Sources */ = {isa = PBXBuildFile; fileRef = 27F83F072AE6FEAD0089F05F /* PublicViewController.swift */; };
		27F83F0A2AE702790089F05F /* Publicacion.swift in Sources */ = {isa = PBXBuildFile; fileRef = 27F83F092AE702790089F05F /* Publicacion.swift */; };
		27F83F0C2AE7044F0089F05F /* PublicacionTableViewCell.swift in Sources */ = {isa = PBXBuildFile; fileRef = 27F83F0B2AE7044F0089F05F /* PublicacionTableViewCell.swift */; };
		27F83F0E2AE710E70089F05F /* DatosPubliViewController.swift in Sources */ = {isa = PBXBuildFile; fileRef = 27F83F0D2AE710E60089F05F /* DatosPubliViewController.swift */; };
		411E591A2AE49D350011362B /* GoogleService-Info.plist in Resources */ = {isa = PBXBuildFile; fileRef = 411E59192AE49D350011362B /* GoogleService-Info.plist */; };
		41688A832AE5D49B00760A57 /* EditarCateViewController.swift in Sources */ = {isa = PBXBuildFile; fileRef = 41688A822AE5D49B00760A57 /* EditarCateViewController.swift */; };
		41688A852AE5D4AD00760A57 /* NueCateViewController.swift in Sources */ = {isa = PBXBuildFile; fileRef = 41688A842AE5D4AC00760A57 /* NueCateViewController.swift */; };
		41688A872AE5D4BC00760A57 /* ApiViewController.swift in Sources */ = {isa = PBXBuildFile; fileRef = 41688A862AE5D4BC00760A57 /* ApiViewController.swift */; };
		41688A8A2AE5D51D00760A57 /* Categoria.swift in Sources */ = {isa = PBXBuildFile; fileRef = 41688A892AE5D51D00760A57 /* Categoria.swift */; };
		41688A8C2AE5D90300760A57 /* MTableViewCell.swift in Sources */ = {isa = PBXBuildFile; fileRef = 41688A8B2AE5D90300760A57 /* MTableViewCell.swift */; };
		41688A902AE5E91800760A57 /* MainItemTableViewCell.swift in Sources */ = {isa = PBXBuildFile; fileRef = 41688A8F2AE5E91800760A57 /* MainItemTableViewCell.swift */; };
		41688A942AE5EACD00760A57 /* MainTableCollectionViewCell.swift in Sources */ = {isa = PBXBuildFile; fileRef = 41688A932AE5EACD00760A57 /* MainTableCollectionViewCell.swift */; };
		41688A962AE5EEC200760A57 /* MainViewController.swift in Sources */ = {isa = PBXBuildFile; fileRef = 41688A952AE5EEC200760A57 /* MainViewController.swift */; };
		41A81AF42ACFAE8E0056A2C5 /* NewUserViewController.swift in Sources */ = {isa = PBXBuildFile; fileRef = 41A81AF32ACFAE8E0056A2C5 /* NewUserViewController.swift */; };
		41A81AF82ACFB2450056A2C5 /* CustomConfig.swift in Sources */ = {isa = PBXBuildFile; fileRef = 41A81AF72ACFB2450056A2C5 /* CustomConfig.swift */; };
		41B92C382ACE704100FB17C8 /* AppDelegate.swift in Sources */ = {isa = PBXBuildFile; fileRef = 41B92C372ACE704100FB17C8 /* AppDelegate.swift */; };
		41B92C3A2ACE704100FB17C8 /* SceneDelegate.swift in Sources */ = {isa = PBXBuildFile; fileRef = 41B92C392ACE704100FB17C8 /* SceneDelegate.swift */; };
		41B92C3C2ACE704100FB17C8 /* ViewController.swift in Sources */ = {isa = PBXBuildFile; fileRef = 41B92C3B2ACE704100FB17C8 /* ViewController.swift */; };
		41B92C3F2ACE704100FB17C8 /* Main.storyboard in Resources */ = {isa = PBXBuildFile; fileRef = 41B92C3D2ACE704100FB17C8 /* Main.storyboard */; };
		41B92C412ACE704300FB17C8 /* Assets.xcassets in Resources */ = {isa = PBXBuildFile; fileRef = 41B92C402ACE704300FB17C8 /* Assets.xcassets */; };
		41B92C442ACE704300FB17C8 /* LaunchScreen.storyboard in Resources */ = {isa = PBXBuildFile; fileRef = 41B92C422ACE704300FB17C8 /* LaunchScreen.storyboard */; };
		41B92C4D2ACE998200FB17C8 /* LoginViewController.swift in Sources */ = {isa = PBXBuildFile; fileRef = 41B92C4C2ACE998200FB17C8 /* LoginViewController.swift */; };
		87CDA3F6E4EC7C7FB5E07A98 /* Pods_C6_iOS_Project.framework in Frameworks */ = {isa = PBXBuildFile; fileRef = 6376F3B73FE0B13C6FFDC3C4 /* Pods_C6_iOS_Project.framework */; };
		F79EADB62AE5EC030031EE9D /* OptionsViewController.swift in Sources */ = {isa = PBXBuildFile; fileRef = F79EADB52AE5EC030031EE9D /* OptionsViewController.swift */; };
		F79EADB82AE5F1980031EE9D /* FormsViewController.swift in Sources */ = {isa = PBXBuildFile; fileRef = F79EADB72AE5F1980031EE9D /* FormsViewController.swift */; };
/* End PBXBuildFile section */

/* Begin PBXFileReference section */
		27B09B592AE826EA001A9CC1 /* ComentarioModel.xcdatamodel */ = {isa = PBXFileReference; lastKnownFileType = wrapper.xcdatamodel; path = ComentarioModel.xcdatamodel; sourceTree = "<group>"; };
		27B09B5C2AE829BE001A9CC1 /* ControladorComentario.swift */ = {isa = PBXFileReference; lastKnownFileType = sourcecode.swift; path = ControladorComentario.swift; sourceTree = "<group>"; };
		27B09B5E2AE82AEA001A9CC1 /* Comentario.swift */ = {isa = PBXFileReference; lastKnownFileType = sourcecode.swift; path = Comentario.swift; sourceTree = "<group>"; };
		27B09B602AE82F51001A9CC1 /* ItemTableViewCell.swift */ = {isa = PBXFileReference; lastKnownFileType = sourcecode.swift; path = ItemTableViewCell.swift; sourceTree = "<group>"; };
		27B09B622AE83068001A9CC1 /* ComentarioViewController.swift */ = {isa = PBXFileReference; lastKnownFileType = sourcecode.swift; path = ComentarioViewController.swift; sourceTree = "<group>"; };
		27B09B642AE8354A001A9CC1 /* DatosViewController.swift */ = {isa = PBXFileReference; lastKnownFileType = sourcecode.swift; path = DatosViewController.swift; sourceTree = "<group>"; };
		27B09B662AE83883001A9CC1 /* NuevoComentViewController.swift */ = {isa = PBXFileReference; lastKnownFileType = sourcecode.swift; path = NuevoComentViewController.swift; sourceTree = "<group>"; };
		27F83F072AE6FEAD0089F05F /* PublicViewController.swift */ = {isa = PBXFileReference; lastKnownFileType = sourcecode.swift; path = PublicViewController.swift; sourceTree = "<group>"; };
		27F83F092AE702790089F05F /* Publicacion.swift */ = {isa = PBXFileReference; lastKnownFileType = sourcecode.swift; path = Publicacion.swift; sourceTree = "<group>"; };
		27F83F0B2AE7044F0089F05F /* PublicacionTableViewCell.swift */ = {isa = PBXFileReference; lastKnownFileType = sourcecode.swift; path = PublicacionTableViewCell.swift; sourceTree = "<group>"; };
		27F83F0D2AE710E60089F05F /* DatosPubliViewController.swift */ = {isa = PBXFileReference; lastKnownFileType = sourcecode.swift; path = DatosPubliViewController.swift; sourceTree = "<group>"; };
		411E59192AE49D350011362B /* GoogleService-Info.plist */ = {isa = PBXFileReference; fileEncoding = 4; lastKnownFileType = text.plist.xml; path = "GoogleService-Info.plist"; sourceTree = "<group>"; };
		41688A822AE5D49B00760A57 /* EditarCateViewController.swift */ = {isa = PBXFileReference; lastKnownFileType = sourcecode.swift; path = EditarCateViewController.swift; sourceTree = "<group>"; };
		41688A842AE5D4AC00760A57 /* NueCateViewController.swift */ = {isa = PBXFileReference; lastKnownFileType = sourcecode.swift; path = NueCateViewController.swift; sourceTree = "<group>"; };
		41688A862AE5D4BC00760A57 /* ApiViewController.swift */ = {isa = PBXFileReference; lastKnownFileType = sourcecode.swift; path = ApiViewController.swift; sourceTree = "<group>"; };
		41688A892AE5D51D00760A57 /* Categoria.swift */ = {isa = PBXFileReference; lastKnownFileType = sourcecode.swift; path = Categoria.swift; sourceTree = "<group>"; };
		41688A8B2AE5D90300760A57 /* MTableViewCell.swift */ = {isa = PBXFileReference; lastKnownFileType = sourcecode.swift; path = MTableViewCell.swift; sourceTree = "<group>"; };
		41688A8F2AE5E91800760A57 /* MainItemTableViewCell.swift */ = {isa = PBXFileReference; lastKnownFileType = sourcecode.swift; path = MainItemTableViewCell.swift; sourceTree = "<group>"; };
		41688A932AE5EACD00760A57 /* MainTableCollectionViewCell.swift */ = {isa = PBXFileReference; lastKnownFileType = sourcecode.swift; path = MainTableCollectionViewCell.swift; sourceTree = "<group>"; };
		41688A952AE5EEC200760A57 /* MainViewController.swift */ = {isa = PBXFileReference; lastKnownFileType = sourcecode.swift; path = MainViewController.swift; sourceTree = "<group>"; };
		41A81AF32ACFAE8E0056A2C5 /* NewUserViewController.swift */ = {isa = PBXFileReference; lastKnownFileType = sourcecode.swift; path = NewUserViewController.swift; sourceTree = "<group>"; };
		41A81AF72ACFB2450056A2C5 /* CustomConfig.swift */ = {isa = PBXFileReference; lastKnownFileType = sourcecode.swift; path = CustomConfig.swift; sourceTree = "<group>"; };
		41B92C342ACE704100FB17C8 /* C6_iOS_Project.app */ = {isa = PBXFileReference; explicitFileType = wrapper.application; includeInIndex = 0; path = C6_iOS_Project.app; sourceTree = BUILT_PRODUCTS_DIR; };
		41B92C372ACE704100FB17C8 /* AppDelegate.swift */ = {isa = PBXFileReference; lastKnownFileType = sourcecode.swift; path = AppDelegate.swift; sourceTree = "<group>"; };
		41B92C392ACE704100FB17C8 /* SceneDelegate.swift */ = {isa = PBXFileReference; lastKnownFileType = sourcecode.swift; path = SceneDelegate.swift; sourceTree = "<group>"; };
		41B92C3B2ACE704100FB17C8 /* ViewController.swift */ = {isa = PBXFileReference; lastKnownFileType = sourcecode.swift; path = ViewController.swift; sourceTree = "<group>"; };
		41B92C3E2ACE704100FB17C8 /* Base */ = {isa = PBXFileReference; lastKnownFileType = file.storyboard; name = Base; path = Base.lproj/Main.storyboard; sourceTree = "<group>"; };
		41B92C402ACE704300FB17C8 /* Assets.xcassets */ = {isa = PBXFileReference; lastKnownFileType = folder.assetcatalog; path = Assets.xcassets; sourceTree = "<group>"; };
		41B92C432ACE704300FB17C8 /* Base */ = {isa = PBXFileReference; lastKnownFileType = file.storyboard; name = Base; path = Base.lproj/LaunchScreen.storyboard; sourceTree = "<group>"; };
		41B92C452ACE704300FB17C8 /* Info.plist */ = {isa = PBXFileReference; lastKnownFileType = text.plist.xml; path = Info.plist; sourceTree = "<group>"; };
		41B92C4C2ACE998200FB17C8 /* LoginViewController.swift */ = {isa = PBXFileReference; lastKnownFileType = sourcecode.swift; path = LoginViewController.swift; sourceTree = "<group>"; };
		6376F3B73FE0B13C6FFDC3C4 /* Pods_C6_iOS_Project.framework */ = {isa = PBXFileReference; explicitFileType = wrapper.framework; includeInIndex = 0; path = Pods_C6_iOS_Project.framework; sourceTree = BUILT_PRODUCTS_DIR; };
		B76125B559EE75BD896AB810 /* Pods-C6_iOS_Project.release.xcconfig */ = {isa = PBXFileReference; includeInIndex = 1; lastKnownFileType = text.xcconfig; name = "Pods-C6_iOS_Project.release.xcconfig"; path = "Target Support Files/Pods-C6_iOS_Project/Pods-C6_iOS_Project.release.xcconfig"; sourceTree = "<group>"; };
		EF867940A1D25A05725B02B9 /* Pods-C6_iOS_Project.debug.xcconfig */ = {isa = PBXFileReference; includeInIndex = 1; lastKnownFileType = text.xcconfig; name = "Pods-C6_iOS_Project.debug.xcconfig"; path = "Target Support Files/Pods-C6_iOS_Project/Pods-C6_iOS_Project.debug.xcconfig"; sourceTree = "<group>"; };
		F79EADB52AE5EC030031EE9D /* OptionsViewController.swift */ = {isa = PBXFileReference; lastKnownFileType = sourcecode.swift; path = OptionsViewController.swift; sourceTree = "<group>"; };
		F79EADB72AE5F1980031EE9D /* FormsViewController.swift */ = {isa = PBXFileReference; lastKnownFileType = sourcecode.swift; path = FormsViewController.swift; sourceTree = "<group>"; };
/* End PBXFileReference section */

/* Begin PBXFrameworksBuildPhase section */
		41B92C312ACE704100FB17C8 /* Frameworks */ = {
			isa = PBXFrameworksBuildPhase;
			buildActionMask = 2147483647;
			files = (
				87CDA3F6E4EC7C7FB5E07A98 /* Pods_C6_iOS_Project.framework in Frameworks */,
			);
			runOnlyForDeploymentPostprocessing = 0;
		};
/* End PBXFrameworksBuildPhase section */

/* Begin PBXGroup section */
		27B09B5B2AE82985001A9CC1 /* ComentarioViewsCoreData */ = {
			isa = PBXGroup;
			children = (
				27B09B5C2AE829BE001A9CC1 /* ControladorComentario.swift */,
				27B09B602AE82F51001A9CC1 /* ItemTableViewCell.swift */,
				27B09B622AE83068001A9CC1 /* ComentarioViewController.swift */,
				27B09B642AE8354A001A9CC1 /* DatosViewController.swift */,
				27B09B662AE83883001A9CC1 /* NuevoComentViewController.swift */,
			);
			path = ComentarioViewsCoreData;
			sourceTree = "<group>";
		};
		27F83F062AE6F03E0089F05F /* FirebaseViews */ = {
			isa = PBXGroup;
			children = (
				27F83F072AE6FEAD0089F05F /* PublicViewController.swift */,
				27F83F0B2AE7044F0089F05F /* PublicacionTableViewCell.swift */,
				27F83F0D2AE710E60089F05F /* DatosPubliViewController.swift */,
			);
			path = FirebaseViews;
			sourceTree = "<group>";
		};
		41688A812AE5D44C00760A57 /* CategoriaViews */ = {
			isa = PBXGroup;
			children = (
				41688A822AE5D49B00760A57 /* EditarCateViewController.swift */,
				41688A842AE5D4AC00760A57 /* NueCateViewController.swift */,
				41688A862AE5D4BC00760A57 /* ApiViewController.swift */,
				41688A8B2AE5D90300760A57 /* MTableViewCell.swift */,
			);
			path = CategoriaViews;
			sourceTree = "<group>";
		};
		41688A882AE5D4DB00760A57 /* Models */ = {
			isa = PBXGroup;
			children = (
				27F83F092AE702790089F05F /* Publicacion.swift */,
				41688A892AE5D51D00760A57 /* Categoria.swift */,
				27B09B582AE826EA001A9CC1 /* ComentarioModel.xcdatamodeld */,
				27B09B5E2AE82AEA001A9CC1 /* Comentario.swift */,
			);
			path = Models;
			sourceTree = "<group>";
		};
		41688A8E2AE5E8D300760A57 /* MainView */ = {
			isa = PBXGroup;
			children = (
				41688A8F2AE5E91800760A57 /* MainItemTableViewCell.swift */,
				41688A932AE5EACD00760A57 /* MainTableCollectionViewCell.swift */,
				41688A952AE5EEC200760A57 /* MainViewController.swift */,
			);
			path = MainView;
			sourceTree = "<group>";
		};
		41B92C2B2ACE704100FB17C8 = {
			isa = PBXGroup;
			children = (
				41B92C362ACE704100FB17C8 /* C6_iOS_Project */,
				41B92C352ACE704100FB17C8 /* Products */,
				D598D6F6C547047D5A1372E7 /* Pods */,
				BDBB33DBB94CE9AE056273B1 /* Frameworks */,
			);
			sourceTree = "<group>";
		};
		41B92C352ACE704100FB17C8 /* Products */ = {
			isa = PBXGroup;
			children = (
				41B92C342ACE704100FB17C8 /* C6_iOS_Project.app */,
			);
			name = Products;
			sourceTree = "<group>";
		};
		41B92C362ACE704100FB17C8 /* C6_iOS_Project */ = {
			isa = PBXGroup;
			children = (
				411E59192AE49D350011362B /* GoogleService-Info.plist */,
				41688A882AE5D4DB00760A57 /* Models */,
				41C9EF862ACF95BA0011B35E /* Utils */,
				41B92C4B2ACE996500FB17C8 /* Views */,
				41B92C372ACE704100FB17C8 /* AppDelegate.swift */,
				41B92C392ACE704100FB17C8 /* SceneDelegate.swift */,
				41B92C3B2ACE704100FB17C8 /* ViewController.swift */,
				41B92C3D2ACE704100FB17C8 /* Main.storyboard */,
				41B92C402ACE704300FB17C8 /* Assets.xcassets */,
				41B92C422ACE704300FB17C8 /* LaunchScreen.storyboard */,
				41B92C452ACE704300FB17C8 /* Info.plist */,
			);
			path = C6_iOS_Project;
			sourceTree = "<group>";
		};
		41B92C4B2ACE996500FB17C8 /* Views */ = {
			isa = PBXGroup;
			children = (
				27B09B5B2AE82985001A9CC1 /* ComentarioViewsCoreData */,
				F79EADB22AE5E5A00031EE9D /* FormularioViews */,
				27F83F062AE6F03E0089F05F /* FirebaseViews */,
				41688A8E2AE5E8D300760A57 /* MainView */,
				41688A812AE5D44C00760A57 /* CategoriaViews */,
				41B92C4C2ACE998200FB17C8 /* LoginViewController.swift */,
				41A81AF32ACFAE8E0056A2C5 /* NewUserViewController.swift */,
			);
			path = Views;
			sourceTree = "<group>";
		};
		41C9EF862ACF95BA0011B35E /* Utils */ = {
			isa = PBXGroup;
			children = (
				41A81AF72ACFB2450056A2C5 /* CustomConfig.swift */,
			);
			path = Utils;
			sourceTree = "<group>";
		};
		BDBB33DBB94CE9AE056273B1 /* Frameworks */ = {
			isa = PBXGroup;
			children = (
				6376F3B73FE0B13C6FFDC3C4 /* Pods_C6_iOS_Project.framework */,
			);
			name = Frameworks;
			sourceTree = "<group>";
		};
		D598D6F6C547047D5A1372E7 /* Pods */ = {
			isa = PBXGroup;
			children = (
				EF867940A1D25A05725B02B9 /* Pods-C6_iOS_Project.debug.xcconfig */,
				B76125B559EE75BD896AB810 /* Pods-C6_iOS_Project.release.xcconfig */,
			);
			path = Pods;
			sourceTree = "<group>";
		};
		F79EADB22AE5E5A00031EE9D /* FormularioViews */ = {
			isa = PBXGroup;
			children = (
				F79EADB52AE5EC030031EE9D /* OptionsViewController.swift */,
				F79EADB72AE5F1980031EE9D /* FormsViewController.swift */,
			);
			path = FormularioViews;
			sourceTree = "<group>";
		};
/* End PBXGroup section */

/* Begin PBXNativeTarget section */
		41B92C332ACE704100FB17C8 /* C6_iOS_Project */ = {
			isa = PBXNativeTarget;
			buildConfigurationList = 41B92C482ACE704300FB17C8 /* Build configuration list for PBXNativeTarget "C6_iOS_Project" */;
			buildPhases = (
				C7DFD65CFBCF1D660739EF14 /* [CP] Check Pods Manifest.lock */,
				41B92C302ACE704100FB17C8 /* Sources */,
				41B92C312ACE704100FB17C8 /* Frameworks */,
				41B92C322ACE704100FB17C8 /* Resources */,
				8D421A368AD8E00EF46476A2 /* [CP] Embed Pods Frameworks */,
			);
			buildRules = (
			);
			dependencies = (
			);
			name = C6_iOS_Project;
			productName = C6_iOS_Project;
			productReference = 41B92C342ACE704100FB17C8 /* C6_iOS_Project.app */;
			productType = "com.apple.product-type.application";
		};
/* End PBXNativeTarget section */

/* Begin PBXProject section */
		41B92C2C2ACE704100FB17C8 /* Project object */ = {
			isa = PBXProject;
			attributes = {
				BuildIndependentTargetsInParallel = 1;
				LastSwiftUpdateCheck = 1430;
				LastUpgradeCheck = 1430;
				TargetAttributes = {
					41B92C332ACE704100FB17C8 = {
						CreatedOnToolsVersion = 14.3.1;
					};
				};
			};
			buildConfigurationList = 41B92C2F2ACE704100FB17C8 /* Build configuration list for PBXProject "C6_iOS_Project" */;
			compatibilityVersion = "Xcode 14.0";
			developmentRegion = en;
			hasScannedForEncodings = 0;
			knownRegions = (
				en,
				Base,
			);
			mainGroup = 41B92C2B2ACE704100FB17C8;
			productRefGroup = 41B92C352ACE704100FB17C8 /* Products */;
			projectDirPath = "";
			projectRoot = "";
			targets = (
				41B92C332ACE704100FB17C8 /* C6_iOS_Project */,
			);
		};
/* End PBXProject section */

/* Begin PBXResourcesBuildPhase section */
		41B92C322ACE704100FB17C8 /* Resources */ = {
			isa = PBXResourcesBuildPhase;
			buildActionMask = 2147483647;
			files = (
				41B92C442ACE704300FB17C8 /* LaunchScreen.storyboard in Resources */,
				411E591A2AE49D350011362B /* GoogleService-Info.plist in Resources */,
				41B92C412ACE704300FB17C8 /* Assets.xcassets in Resources */,
				41B92C3F2ACE704100FB17C8 /* Main.storyboard in Resources */,
			);
			runOnlyForDeploymentPostprocessing = 0;
		};
/* End PBXResourcesBuildPhase section */

/* Begin PBXShellScriptBuildPhase section */
		8D421A368AD8E00EF46476A2 /* [CP] Embed Pods Frameworks */ = {
			isa = PBXShellScriptBuildPhase;
			buildActionMask = 2147483647;
			files = (
			);
			inputFileListPaths = (
				"${PODS_ROOT}/Target Support Files/Pods-C6_iOS_Project/Pods-C6_iOS_Project-frameworks-${CONFIGURATION}-input-files.xcfilelist",
			);
			name = "[CP] Embed Pods Frameworks";
			outputFileListPaths = (
				"${PODS_ROOT}/Target Support Files/Pods-C6_iOS_Project/Pods-C6_iOS_Project-frameworks-${CONFIGURATION}-output-files.xcfilelist",
			);
			runOnlyForDeploymentPostprocessing = 0;
			shellPath = /bin/sh;
			shellScript = "\"${PODS_ROOT}/Target Support Files/Pods-C6_iOS_Project/Pods-C6_iOS_Project-frameworks.sh\"\n";
			showEnvVarsInLog = 0;
		};
		C7DFD65CFBCF1D660739EF14 /* [CP] Check Pods Manifest.lock */ = {
			isa = PBXShellScriptBuildPhase;
			buildActionMask = 2147483647;
			files = (
			);
			inputFileListPaths = (
			);
			inputPaths = (
				"${PODS_PODFILE_DIR_PATH}/Podfile.lock",
				"${PODS_ROOT}/Manifest.lock",
			);
			name = "[CP] Check Pods Manifest.lock";
			outputFileListPaths = (
			);
			outputPaths = (
				"$(DERIVED_FILE_DIR)/Pods-C6_iOS_Project-checkManifestLockResult.txt",
			);
			runOnlyForDeploymentPostprocessing = 0;
			shellPath = /bin/sh;
			shellScript = "diff \"${PODS_PODFILE_DIR_PATH}/Podfile.lock\" \"${PODS_ROOT}/Manifest.lock\" > /dev/null\nif [ $? != 0 ] ; then\n    # print error to STDERR\n    echo \"error: The sandbox is not in sync with the Podfile.lock. Run 'pod install' or update your CocoaPods installation.\" >&2\n    exit 1\nfi\n# This output is used by Xcode 'outputs' to avoid re-running this script phase.\necho \"SUCCESS\" > \"${SCRIPT_OUTPUT_FILE_0}\"\n";
			showEnvVarsInLog = 0;
		};
/* End PBXShellScriptBuildPhase section */

/* Begin PBXSourcesBuildPhase section */
		41B92C302ACE704100FB17C8 /* Sources */ = {
			isa = PBXSourcesBuildPhase;
			buildActionMask = 2147483647;
			files = (
				41B92C4D2ACE998200FB17C8 /* LoginViewController.swift in Sources */,
				27B09B5A2AE826EA001A9CC1 /* ComentarioModel.xcdatamodeld in Sources */,
				27B09B5F2AE82AEA001A9CC1 /* Comentario.swift in Sources */,
				41688A902AE5E91800760A57 /* MainItemTableViewCell.swift in Sources */,
				27B09B612AE82F51001A9CC1 /* ItemTableViewCell.swift in Sources */,
				41B92C3C2ACE704100FB17C8 /* ViewController.swift in Sources */,
				41688A852AE5D4AD00760A57 /* NueCateViewController.swift in Sources */,
				27B09B632AE83068001A9CC1 /* ComentarioViewController.swift in Sources */,
				27F83F082AE6FEAD0089F05F /* PublicViewController.swift in Sources */,
				41A81AF82ACFB2450056A2C5 /* CustomConfig.swift in Sources */,
				27F83F0C2AE7044F0089F05F /* PublicacionTableViewCell.swift in Sources */,
				27B09B5D2AE829BE001A9CC1 /* ControladorComentario.swift in Sources */,
				27B09B652AE8354A001A9CC1 /* DatosViewController.swift in Sources */,
				41688A8C2AE5D90300760A57 /* MTableViewCell.swift in Sources */,
				27F83F0A2AE702790089F05F /* Publicacion.swift in Sources */,
				41688A832AE5D49B00760A57 /* EditarCateViewController.swift in Sources */,
				41688A962AE5EEC200760A57 /* MainViewController.swift in Sources */,
				41A81AF42ACFAE8E0056A2C5 /* NewUserViewController.swift in Sources */,
				27F83F0E2AE710E70089F05F /* DatosPubliViewController.swift in Sources */,
				27B09B672AE83883001A9CC1 /* NuevoComentViewController.swift in Sources */,
				41B92C382ACE704100FB17C8 /* AppDelegate.swift in Sources */,
				41688A942AE5EACD00760A57 /* MainTableCollectionViewCell.swift in Sources */,
				41688A872AE5D4BC00760A57 /* ApiViewController.swift in Sources */,
				F79EADB62AE5EC030031EE9D /* OptionsViewController.swift in Sources */,
				41B92C3A2ACE704100FB17C8 /* SceneDelegate.swift in Sources */,
				41688A8A2AE5D51D00760A57 /* Categoria.swift in Sources */,
				F79EADB82AE5F1980031EE9D /* FormsViewController.swift in Sources */,
			);
			runOnlyForDeploymentPostprocessing = 0;
		};
/* End PBXSourcesBuildPhase section */

/* Begin PBXVariantGroup section */
		41B92C3D2ACE704100FB17C8 /* Main.storyboard */ = {
			isa = PBXVariantGroup;
			children = (
				41B92C3E2ACE704100FB17C8 /* Base */,
			);
			name = Main.storyboard;
			sourceTree = "<group>";
		};
		41B92C422ACE704300FB17C8 /* LaunchScreen.storyboard */ = {
			isa = PBXVariantGroup;
			children = (
				41B92C432ACE704300FB17C8 /* Base */,
			);
			name = LaunchScreen.storyboard;
			sourceTree = "<group>";
		};
/* End PBXVariantGroup section */

/* Begin XCBuildConfiguration section */
		41B92C462ACE704300FB17C8 /* Debug */ = {
			isa = XCBuildConfiguration;
			buildSettings = {
				ALWAYS_SEARCH_USER_PATHS = NO;
				CLANG_ANALYZER_NONNULL = YES;
				CLANG_ANALYZER_NUMBER_OBJECT_CONVERSION = YES_AGGRESSIVE;
				CLANG_CXX_LANGUAGE_STANDARD = "gnu++20";
				CLANG_ENABLE_MODULES = YES;
				CLANG_ENABLE_OBJC_ARC = YES;
				CLANG_ENABLE_OBJC_WEAK = YES;
				CLANG_WARN_BLOCK_CAPTURE_AUTORELEASING = YES;
				CLANG_WARN_BOOL_CONVERSION = YES;
				CLANG_WARN_COMMA = YES;
				CLANG_WARN_CONSTANT_CONVERSION = YES;
				CLANG_WARN_DEPRECATED_OBJC_IMPLEMENTATIONS = YES;
				CLANG_WARN_DIRECT_OBJC_ISA_USAGE = YES_ERROR;
				CLANG_WARN_DOCUMENTATION_COMMENTS = YES;
				CLANG_WARN_EMPTY_BODY = YES;
				CLANG_WARN_ENUM_CONVERSION = YES;
				CLANG_WARN_INFINITE_RECURSION = YES;
				CLANG_WARN_INT_CONVERSION = YES;
				CLANG_WARN_NON_LITERAL_NULL_CONVERSION = YES;
				CLANG_WARN_OBJC_IMPLICIT_RETAIN_SELF = YES;
				CLANG_WARN_OBJC_LITERAL_CONVERSION = YES;
				CLANG_WARN_OBJC_ROOT_CLASS = YES_ERROR;
				CLANG_WARN_QUOTED_INCLUDE_IN_FRAMEWORK_HEADER = YES;
				CLANG_WARN_RANGE_LOOP_ANALYSIS = YES;
				CLANG_WARN_STRICT_PROTOTYPES = YES;
				CLANG_WARN_SUSPICIOUS_MOVE = YES;
				CLANG_WARN_UNGUARDED_AVAILABILITY = YES_AGGRESSIVE;
				CLANG_WARN_UNREACHABLE_CODE = YES;
				CLANG_WARN__DUPLICATE_METHOD_MATCH = YES;
				COPY_PHASE_STRIP = NO;
				DEBUG_INFORMATION_FORMAT = dwarf;
				ENABLE_STRICT_OBJC_MSGSEND = YES;
				ENABLE_TESTABILITY = YES;
				GCC_C_LANGUAGE_STANDARD = gnu11;
				GCC_DYNAMIC_NO_PIC = NO;
				GCC_NO_COMMON_BLOCKS = YES;
				GCC_OPTIMIZATION_LEVEL = 0;
				GCC_PREPROCESSOR_DEFINITIONS = (
					"DEBUG=1",
					"$(inherited)",
				);
				GCC_WARN_64_TO_32_BIT_CONVERSION = YES;
				GCC_WARN_ABOUT_RETURN_TYPE = YES_ERROR;
				GCC_WARN_UNDECLARED_SELECTOR = YES;
				GCC_WARN_UNINITIALIZED_AUTOS = YES_AGGRESSIVE;
				GCC_WARN_UNUSED_FUNCTION = YES;
				GCC_WARN_UNUSED_VARIABLE = YES;
				IPHONEOS_DEPLOYMENT_TARGET = 16.4;
				MTL_ENABLE_DEBUG_INFO = INCLUDE_SOURCE;
				MTL_FAST_MATH = YES;
				ONLY_ACTIVE_ARCH = YES;
				SDKROOT = iphoneos;
				SWIFT_ACTIVE_COMPILATION_CONDITIONS = DEBUG;
				SWIFT_OPTIMIZATION_LEVEL = "-Onone";
			};
			name = Debug;
		};
		41B92C472ACE704300FB17C8 /* Release */ = {
			isa = XCBuildConfiguration;
			buildSettings = {
				ALWAYS_SEARCH_USER_PATHS = NO;
				CLANG_ANALYZER_NONNULL = YES;
				CLANG_ANALYZER_NUMBER_OBJECT_CONVERSION = YES_AGGRESSIVE;
				CLANG_CXX_LANGUAGE_STANDARD = "gnu++20";
				CLANG_ENABLE_MODULES = YES;
				CLANG_ENABLE_OBJC_ARC = YES;
				CLANG_ENABLE_OBJC_WEAK = YES;
				CLANG_WARN_BLOCK_CAPTURE_AUTORELEASING = YES;
				CLANG_WARN_BOOL_CONVERSION = YES;
				CLANG_WARN_COMMA = YES;
				CLANG_WARN_CONSTANT_CONVERSION = YES;
				CLANG_WARN_DEPRECATED_OBJC_IMPLEMENTATIONS = YES;
				CLANG_WARN_DIRECT_OBJC_ISA_USAGE = YES_ERROR;
				CLANG_WARN_DOCUMENTATION_COMMENTS = YES;
				CLANG_WARN_EMPTY_BODY = YES;
				CLANG_WARN_ENUM_CONVERSION = YES;
				CLANG_WARN_INFINITE_RECURSION = YES;
				CLANG_WARN_INT_CONVERSION = YES;
				CLANG_WARN_NON_LITERAL_NULL_CONVERSION = YES;
				CLANG_WARN_OBJC_IMPLICIT_RETAIN_SELF = YES;
				CLANG_WARN_OBJC_LITERAL_CONVERSION = YES;
				CLANG_WARN_OBJC_ROOT_CLASS = YES_ERROR;
				CLANG_WARN_QUOTED_INCLUDE_IN_FRAMEWORK_HEADER = YES;
				CLANG_WARN_RANGE_LOOP_ANALYSIS = YES;
				CLANG_WARN_STRICT_PROTOTYPES = YES;
				CLANG_WARN_SUSPICIOUS_MOVE = YES;
				CLANG_WARN_UNGUARDED_AVAILABILITY = YES_AGGRESSIVE;
				CLANG_WARN_UNREACHABLE_CODE = YES;
				CLANG_WARN__DUPLICATE_METHOD_MATCH = YES;
				COPY_PHASE_STRIP = NO;
				DEBUG_INFORMATION_FORMAT = "dwarf-with-dsym";
				ENABLE_NS_ASSERTIONS = NO;
				ENABLE_STRICT_OBJC_MSGSEND = YES;
				GCC_C_LANGUAGE_STANDARD = gnu11;
				GCC_NO_COMMON_BLOCKS = YES;
				GCC_WARN_64_TO_32_BIT_CONVERSION = YES;
				GCC_WARN_ABOUT_RETURN_TYPE = YES_ERROR;
				GCC_WARN_UNDECLARED_SELECTOR = YES;
				GCC_WARN_UNINITIALIZED_AUTOS = YES_AGGRESSIVE;
				GCC_WARN_UNUSED_FUNCTION = YES;
				GCC_WARN_UNUSED_VARIABLE = YES;
				IPHONEOS_DEPLOYMENT_TARGET = 16.4;
				MTL_ENABLE_DEBUG_INFO = NO;
				MTL_FAST_MATH = YES;
				SDKROOT = iphoneos;
				SWIFT_COMPILATION_MODE = wholemodule;
				SWIFT_OPTIMIZATION_LEVEL = "-O";
				VALIDATE_PRODUCT = YES;
			};
			name = Release;
		};
		41B92C492ACE704300FB17C8 /* Debug */ = {
			isa = XCBuildConfiguration;
			baseConfigurationReference = EF867940A1D25A05725B02B9 /* Pods-C6_iOS_Project.debug.xcconfig */;
			buildSettings = {
				ASSETCATALOG_COMPILER_APPICON_NAME = AppIcon;
				ASSETCATALOG_COMPILER_GLOBAL_ACCENT_COLOR_NAME = AccentColor;
				CODE_SIGN_STYLE = Automatic;
				CURRENT_PROJECT_VERSION = 1;
				GENERATE_INFOPLIST_FILE = YES;
				INFOPLIST_FILE = C6_iOS_Project/Info.plist;
				INFOPLIST_KEY_UIApplicationSupportsIndirectInputEvents = YES;
				INFOPLIST_KEY_UILaunchStoryboardName = LaunchScreen;
				INFOPLIST_KEY_UIMainStoryboardFile = Main;
				INFOPLIST_KEY_UISupportedInterfaceOrientations_iPad = "UIInterfaceOrientationPortrait UIInterfaceOrientationPortraitUpsideDown UIInterfaceOrientationLandscapeLeft UIInterfaceOrientationLandscapeRight";
				INFOPLIST_KEY_UISupportedInterfaceOrientations_iPhone = "UIInterfaceOrientationPortrait UIInterfaceOrientationLandscapeLeft UIInterfaceOrientationLandscapeRight";
				LD_RUNPATH_SEARCH_PATHS = (
					"$(inherited)",
					"@executable_path/Frameworks",
				);
				MARKETING_VERSION = 1.0;
				PRODUCT_BUNDLE_IDENTIFIER = "cibertec.edu.pe.C6-iOS-Project";
				PRODUCT_NAME = "$(TARGET_NAME)";
				SWIFT_EMIT_LOC_STRINGS = YES;
				SWIFT_VERSION = 5.0;
				TARGETED_DEVICE_FAMILY = "1,2";
			};
			name = Debug;
		};
		41B92C4A2ACE704300FB17C8 /* Release */ = {
			isa = XCBuildConfiguration;
			baseConfigurationReference = B76125B559EE75BD896AB810 /* Pods-C6_iOS_Project.release.xcconfig */;
			buildSettings = {
				ASSETCATALOG_COMPILER_APPICON_NAME = AppIcon;
				ASSETCATALOG_COMPILER_GLOBAL_ACCENT_COLOR_NAME = AccentColor;
				CODE_SIGN_STYLE = Automatic;
				CURRENT_PROJECT_VERSION = 1;
				GENERATE_INFOPLIST_FILE = YES;
				INFOPLIST_FILE = C6_iOS_Project/Info.plist;
				INFOPLIST_KEY_UIApplicationSupportsIndirectInputEvents = YES;
				INFOPLIST_KEY_UILaunchStoryboardName = LaunchScreen;
				INFOPLIST_KEY_UIMainStoryboardFile = Main;
				INFOPLIST_KEY_UISupportedInterfaceOrientations_iPad = "UIInterfaceOrientationPortrait UIInterfaceOrientationPortraitUpsideDown UIInterfaceOrientationLandscapeLeft UIInterfaceOrientationLandscapeRight";
				INFOPLIST_KEY_UISupportedInterfaceOrientations_iPhone = "UIInterfaceOrientationPortrait UIInterfaceOrientationLandscapeLeft UIInterfaceOrientationLandscapeRight";
				LD_RUNPATH_SEARCH_PATHS = (
					"$(inherited)",
					"@executable_path/Frameworks",
				);
				MARKETING_VERSION = 1.0;
				PRODUCT_BUNDLE_IDENTIFIER = "cibertec.edu.pe.C6-iOS-Project";
				PRODUCT_NAME = "$(TARGET_NAME)";
				SWIFT_EMIT_LOC_STRINGS = YES;
				SWIFT_VERSION = 5.0;
				TARGETED_DEVICE_FAMILY = "1,2";
			};
			name = Release;
		};
/* End XCBuildConfiguration section */

/* Begin XCConfigurationList section */
		41B92C2F2ACE704100FB17C8 /* Build configuration list for PBXProject "C6_iOS_Project" */ = {
			isa = XCConfigurationList;
			buildConfigurations = (
				41B92C462ACE704300FB17C8 /* Debug */,
				41B92C472ACE704300FB17C8 /* Release */,
			);
			defaultConfigurationIsVisible = 0;
			defaultConfigurationName = Release;
		};
		41B92C482ACE704300FB17C8 /* Build configuration list for PBXNativeTarget "C6_iOS_Project" */ = {
			isa = XCConfigurationList;
			buildConfigurations = (
				41B92C492ACE704300FB17C8 /* Debug */,
				41B92C4A2ACE704300FB17C8 /* Release */,
			);
			defaultConfigurationIsVisible = 0;
			defaultConfigurationName = Release;
		};
/* End XCConfigurationList section */

/* Begin XCVersionGroup section */
		27B09B582AE826EA001A9CC1 /* ComentarioModel.xcdatamodeld */ = {
			isa = XCVersionGroup;
			children = (
				27B09B592AE826EA001A9CC1 /* ComentarioModel.xcdatamodel */,
			);
			currentVersion = 27B09B592AE826EA001A9CC1 /* ComentarioModel.xcdatamodel */;
			path = ComentarioModel.xcdatamodeld;
			sourceTree = "<group>";
			versionGroupType = wrapper.xcdatamodel;
		};
/* End XCVersionGroup section */
	};
	rootObject = 41B92C2C2ACE704100FB17C8 /* Project object */;
}
